# This file is automatically @generated by Cargo.
# It is not intended for manual editing.
version = 4

[[package]]
name = "mouse"
version = "0.1.0"
source = "git+https://github.com/Jan-Frase/mouse.git#cfec6aee5700495bb0f4ef122ca759d0428cd71f"

[[package]]
name = "owl"
version = "0.1.0"
dependencies = [
 "mouse",
]
