# This file is automatically @generated by Cargo.
# It is not intended for manual editing.
version = 4

[[package]]
name = "mouse"
version = "0.1.0"
source = "git+https://github.com/Jan-Frase/mouse.git#d4da0a8c8d76488dc1146eb97ee1241e99500fbe"

[[package]]
name = "owl"
version = "0.1.0"
dependencies = [
 "mouse",
]
